
Microsoft Visual Studio Solution File, Format Version 12.00
# Visual Studio Version 17
VisualStudioVersion = 17.6.33723.286
MinimumVisualStudioVersion = 10.0.40219.1
Project("{FAE04EC0-301F-11D3-BF4B-00C04F79EFBC}") = "Ramenownia", "Ramenownia\Ramenownia.csproj", "{F8C75F38-E702-4091-9866-B1B02C210FF6}"
EndProject
Global
	GlobalSection(SolutionConfigurationPlatforms) = preSolution
		Debug|Any CPU = Debug|Any CPU
		Release|Any CPU = Release|Any CPU
	EndGlobalSection
	GlobalSection(ProjectConfigurationPlatforms) = postSolution
		{F8C75F38-E702-4091-9866-B1B02C210FF6}.Debug|Any CPU.ActiveCfg = Debug|Any CPU
		{F8C75F38-E702-4091-9866-B1B02C210FF6}.Debug|Any CPU.Build.0 = Debug|Any CPU
		{F8C75F38-E702-4091-9866-B1B02C210FF6}.Release|Any CPU.ActiveCfg = Release|Any CPU
		{F8C75F38-E702-4091-9866-B1B02C210FF6}.Release|Any CPU.Build.0 = Release|Any CPU
	EndGlobalSection
	GlobalSection(SolutionProperties) = preSolution
		HideSolutionNode = FALSE
	EndGlobalSection
	GlobalSection(ExtensibilityGlobals) = postSolution
		SolutionGuid = {806BCB94-0593-4A7F-A1B0-D6B71EB45F19}
	EndGlobalSection
EndGlobal
